// !$*UTF8*$!
{
	archiveVersion = 1;
	classes = {
	};
	objectVersion = 50;
	objects = {

/* Begin PBXBuildFile section */
		3BC1E6B9D900259527ACDB93 /* Pods_RocketFancy.framework in Frameworks */ = {isa = PBXBuildFile; fileRef = 56C3DD71CE76278FE8DA459E /* Pods_RocketFancy.framework */; };
		553C3D182177ED25009CBA17 /* AppDelegate.swift in Sources */ = {isa = PBXBuildFile; fileRef = 553C3D172177ED25009CBA17 /* AppDelegate.swift */; };
		553C3D1A2177ED25009CBA17 /* ViewController.swift in Sources */ = {isa = PBXBuildFile; fileRef = 553C3D192177ED25009CBA17 /* ViewController.swift */; };
		553C3D1D2177ED25009CBA17 /* Main.storyboard in Resources */ = {isa = PBXBuildFile; fileRef = 553C3D1B2177ED25009CBA17 /* Main.storyboard */; };
		553C3D202177ED26009CBA17 /* RocketFancy.xcdatamodeld in Sources */ = {isa = PBXBuildFile; fileRef = 553C3D1E2177ED26009CBA17 /* RocketFancy.xcdatamodeld */; };
		553C3D222177ED26009CBA17 /* Assets.xcassets in Resources */ = {isa = PBXBuildFile; fileRef = 553C3D212177ED26009CBA17 /* Assets.xcassets */; };
		553C3D252177ED26009CBA17 /* LaunchScreen.storyboard in Resources */ = {isa = PBXBuildFile; fileRef = 553C3D232177ED26009CBA17 /* LaunchScreen.storyboard */; };
		553C3D2D2177EDE7009CBA17 /* SpaceXRouter.swift in Sources */ = {isa = PBXBuildFile; fileRef = 553C3D2C2177EDE7009CBA17 /* SpaceXRouter.swift */; };
		553C3D2F2177EE47009CBA17 /* NetworkManager.swift in Sources */ = {isa = PBXBuildFile; fileRef = 553C3D2E2177EE47009CBA17 /* NetworkManager.swift */; };
/* End PBXBuildFile section */

/* Begin PBXFileReference section */
		32BDC30A4E8ED5D7DA859837 /* Pods-RocketFancy.debug.xcconfig */ = {isa = PBXFileReference; includeInIndex = 1; lastKnownFileType = text.xcconfig; name = "Pods-RocketFancy.debug.xcconfig"; path = "Pods/Target Support Files/Pods-RocketFancy/Pods-RocketFancy.debug.xcconfig"; sourceTree = "<group>"; };
		553C3D142177ED25009CBA17 /* RocketFancy.app */ = {isa = PBXFileReference; explicitFileType = wrapper.application; includeInIndex = 0; path = RocketFancy.app; sourceTree = BUILT_PRODUCTS_DIR; };
		553C3D172177ED25009CBA17 /* AppDelegate.swift */ = {isa = PBXFileReference; lastKnownFileType = sourcecode.swift; path = AppDelegate.swift; sourceTree = "<group>"; };
		553C3D192177ED25009CBA17 /* ViewController.swift */ = {isa = PBXFileReference; lastKnownFileType = sourcecode.swift; path = ViewController.swift; sourceTree = "<group>"; };
		553C3D1C2177ED25009CBA17 /* Base */ = {isa = PBXFileReference; lastKnownFileType = file.storyboard; name = Base; path = Base.lproj/Main.storyboard; sourceTree = "<group>"; };
		553C3D1F2177ED26009CBA17 /* RocketFancy.xcdatamodel */ = {isa = PBXFileReference; lastKnownFileType = wrapper.xcdatamodel; path = RocketFancy.xcdatamodel; sourceTree = "<group>"; };
		553C3D212177ED26009CBA17 /* Assets.xcassets */ = {isa = PBXFileReference; lastKnownFileType = folder.assetcatalog; path = Assets.xcassets; sourceTree = "<group>"; };
		553C3D242177ED26009CBA17 /* Base */ = {isa = PBXFileReference; lastKnownFileType = file.storyboard; name = Base; path = Base.lproj/LaunchScreen.storyboard; sourceTree = "<group>"; };
		553C3D262177ED26009CBA17 /* Info.plist */ = {isa = PBXFileReference; lastKnownFileType = text.plist.xml; path = Info.plist; sourceTree = "<group>"; };
		553C3D2C2177EDE7009CBA17 /* SpaceXRouter.swift */ = {isa = PBXFileReference; lastKnownFileType = sourcecode.swift; path = SpaceXRouter.swift; sourceTree = "<group>"; };
		553C3D2E2177EE47009CBA17 /* NetworkManager.swift */ = {isa = PBXFileReference; lastKnownFileType = sourcecode.swift; path = NetworkManager.swift; sourceTree = "<group>"; };
		56C3DD71CE76278FE8DA459E /* Pods_RocketFancy.framework */ = {isa = PBXFileReference; explicitFileType = wrapper.framework; includeInIndex = 0; path = Pods_RocketFancy.framework; sourceTree = BUILT_PRODUCTS_DIR; };
		8680B93BC1ADCBB838D8F6EA /* Pods-RocketFancy.release.xcconfig */ = {isa = PBXFileReference; includeInIndex = 1; lastKnownFileType = text.xcconfig; name = "Pods-RocketFancy.release.xcconfig"; path = "Pods/Target Support Files/Pods-RocketFancy/Pods-RocketFancy.release.xcconfig"; sourceTree = "<group>"; };
/* End PBXFileReference section */

/* Begin PBXFrameworksBuildPhase section */
		553C3D112177ED25009CBA17 /* Frameworks */ = {
			isa = PBXFrameworksBuildPhase;
			buildActionMask = 2147483647;
			files = (
				3BC1E6B9D900259527ACDB93 /* Pods_RocketFancy.framework in Frameworks */,
			);
			runOnlyForDeploymentPostprocessing = 0;
		};
/* End PBXFrameworksBuildPhase section */

/* Begin PBXGroup section */
		553C3D0B2177ED25009CBA17 = {
			isa = PBXGroup;
			children = (
				553C3D162177ED25009CBA17 /* RocketFancy */,
				553C3D152177ED25009CBA17 /* Products */,
				807ADD63DDA2FAA469C637FA /* Pods */,
				76B60EE0C4FF0275B5F932E2 /* Frameworks */,
			);
			sourceTree = "<group>";
		};
		553C3D152177ED25009CBA17 /* Products */ = {
			isa = PBXGroup;
			children = (
				553C3D142177ED25009CBA17 /* RocketFancy.app */,
			);
			name = Products;
			sourceTree = "<group>";
		};
		553C3D162177ED25009CBA17 /* RocketFancy */ = {
			isa = PBXGroup;
			children = (
				553C3D172177ED25009CBA17 /* AppDelegate.swift */,
				553C3D192177ED25009CBA17 /* ViewController.swift */,
				553C3D2C2177EDE7009CBA17 /* SpaceXRouter.swift */,
				553C3D2E2177EE47009CBA17 /* NetworkManager.swift */,
				553C3D1B2177ED25009CBA17 /* Main.storyboard */,
				553C3D212177ED26009CBA17 /* Assets.xcassets */,
				553C3D232177ED26009CBA17 /* LaunchScreen.storyboard */,
				553C3D262177ED26009CBA17 /* Info.plist */,
				553C3D1E2177ED26009CBA17 /* RocketFancy.xcdatamodeld */,
			);
			path = RocketFancy;
			sourceTree = "<group>";
		};
		76B60EE0C4FF0275B5F932E2 /* Frameworks */ = {
			isa = PBXGroup;
			children = (
				56C3DD71CE76278FE8DA459E /* Pods_RocketFancy.framework */,
			);
			name = Frameworks;
			sourceTree = "<group>";
		};
		807ADD63DDA2FAA469C637FA /* Pods */ = {
			isa = PBXGroup;
			children = (
				32BDC30A4E8ED5D7DA859837 /* Pods-RocketFancy.debug.xcconfig */,
				8680B93BC1ADCBB838D8F6EA /* Pods-RocketFancy.release.xcconfig */,
			);
			name = Pods;
			sourceTree = "<group>";
		};
/* End PBXGroup section */

/* Begin PBXNativeTarget section */
		553C3D132177ED25009CBA17 /* RocketFancy */ = {
			isa = PBXNativeTarget;
			buildConfigurationList = 553C3D292177ED26009CBA17 /* Build configuration list for PBXNativeTarget "RocketFancy" */;
			buildPhases = (
				930C83D5E7DE7B5D6D29440F /* [CP] Check Pods Manifest.lock */,
				553C3D102177ED25009CBA17 /* Sources */,
				553C3D112177ED25009CBA17 /* Frameworks */,
				553C3D122177ED25009CBA17 /* Resources */,
				96F19152B17055C23F3ADC40 /* [CP] Embed Pods Frameworks */,
			);
			buildRules = (
			);
			dependencies = (
			);
			name = RocketFancy;
			productName = RocketFancy;
			productReference = 553C3D142177ED25009CBA17 /* RocketFancy.app */;
			productType = "com.apple.product-type.application";
		};
/* End PBXNativeTarget section */

/* Begin PBXProject section */
		553C3D0C2177ED25009CBA17 /* Project object */ = {
			isa = PBXProject;
			attributes = {
				LastSwiftUpdateCheck = 1000;
				LastUpgradeCheck = 1000;
				ORGANIZATIONNAME = "Mike Henry";
				TargetAttributes = {
					553C3D132177ED25009CBA17 = {
						CreatedOnToolsVersion = 10.0;
					};
				};
			};
			buildConfigurationList = 553C3D0F2177ED25009CBA17 /* Build configuration list for PBXProject "RocketFancy" */;
			compatibilityVersion = "Xcode 9.3";
			developmentRegion = en;
			hasScannedForEncodings = 0;
			knownRegions = (
				en,
				Base,
			);
			mainGroup = 553C3D0B2177ED25009CBA17;
			productRefGroup = 553C3D152177ED25009CBA17 /* Products */;
			projectDirPath = "";
			projectRoot = "";
			targets = (
				553C3D132177ED25009CBA17 /* RocketFancy */,
			);
		};
/* End PBXProject section */

/* Begin PBXResourcesBuildPhase section */
		553C3D122177ED25009CBA17 /* Resources */ = {
			isa = PBXResourcesBuildPhase;
			buildActionMask = 2147483647;
			files = (
				553C3D252177ED26009CBA17 /* LaunchScreen.storyboard in Resources */,
				553C3D222177ED26009CBA17 /* Assets.xcassets in Resources */,
				553C3D1D2177ED25009CBA17 /* Main.storyboard in Resources */,
			);
			runOnlyForDeploymentPostprocessing = 0;
		};
/* End PBXResourcesBuildPhase section */

/* Begin PBXShellScriptBuildPhase section */
		930C83D5E7DE7B5D6D29440F /* [CP] Check Pods Manifest.lock */ = {
			isa = PBXShellScriptBuildPhase;
			buildActionMask = 2147483647;
			files = (
			);
			inputFileListPaths = (
			);
			inputPaths = (
				"${PODS_PODFILE_DIR_PATH}/Podfile.lock",
				"${PODS_ROOT}/Manifest.lock",
			);
			name = "[CP] Check Pods Manifest.lock";
			outputFileListPaths = (
			);
			outputPaths = (
				"$(DERIVED_FILE_DIR)/Pods-RocketFancy-checkManifestLockResult.txt",
			);
			runOnlyForDeploymentPostprocessing = 0;
			shellPath = /bin/sh;
			shellScript = "diff \"${PODS_PODFILE_DIR_PATH}/Podfile.lock\" \"${PODS_ROOT}/Manifest.lock\" > /dev/null\nif [ $? != 0 ] ; then\n    # print error to STDERR\n    echo \"error: The sandbox is not in sync with the Podfile.lock. Run 'pod install' or update your CocoaPods installation.\" >&2\n    exit 1\nfi\n# This output is used by Xcode 'outputs' to avoid re-running this script phase.\necho \"SUCCESS\" > \"${SCRIPT_OUTPUT_FILE_0}\"\n";
			showEnvVarsInLog = 0;
		};
		96F19152B17055C23F3ADC40 /* [CP] Embed Pods Frameworks */ = {
			isa = PBXShellScriptBuildPhase;
			buildActionMask = 2147483647;
			files = (
			);
			inputFileListPaths = (
			);
			inputPaths = (
				"${SRCROOT}/Pods/Target Support Files/Pods-RocketFancy/Pods-RocketFancy-frameworks.sh",
				"${BUILT_PRODUCTS_DIR}/Alamofire/Alamofire.framework",
				"${BUILT_PRODUCTS_DIR}/SwiftyJSON/SwiftyJSON.framework",
			);
			name = "[CP] Embed Pods Frameworks";
			outputFileListPaths = (
			);
			outputPaths = (
				"${TARGET_BUILD_DIR}/${FRAMEWORKS_FOLDER_PATH}/Alamofire.framework",
				"${TARGET_BUILD_DIR}/${FRAMEWORKS_FOLDER_PATH}/SwiftyJSON.framework",
			);
			runOnlyForDeploymentPostprocessing = 0;
			shellPath = /bin/sh;
			shellScript = "\"${SRCROOT}/Pods/Target Support Files/Pods-RocketFancy/Pods-RocketFancy-frameworks.sh\"\n";
			showEnvVarsInLog = 0;
		};
/* End PBXShellScriptBuildPhase section */

/* Begin PBXSourcesBuildPhase section */
		553C3D102177ED25009CBA17 /* Sources */ = {
			isa = PBXSourcesBuildPhase;
			buildActionMask = 2147483647;
			files = (
				553C3D202177ED26009CBA17 /* RocketFancy.xcdatamodeld in Sources */,
				553C3D1A2177ED25009CBA17 /* ViewController.swift in Sources */,
				553C3D2F2177EE47009CBA17 /* NetworkManager.swift in Sources */,
				553C3D2D2177EDE7009CBA17 /* SpaceXRouter.swift in Sources */,
				553C3D182177ED25009CBA17 /* AppDelegate.swift in Sources */,
			);
			runOnlyForDeploymentPostprocessing = 0;
		};
/* End PBXSourcesBuildPhase section */

/* Begin PBXVariantGroup section */
		553C3D1B2177ED25009CBA17 /* Main.storyboard */ = {
			isa = PBXVariantGroup;
			children = (
				553C3D1C2177ED25009CBA17 /* Base */,
			);
			name = Main.storyboard;
			sourceTree = "<group>";
		};
		553C3D232177ED26009CBA17 /* LaunchScreen.storyboard */ = {
			isa = PBXVariantGroup;
			children = (
				553C3D242177ED26009CBA17 /* Base */,
			);
			name = LaunchScreen.storyboard;
			sourceTree = "<group>";
		};
/* End PBXVariantGroup section */

/* Begin XCBuildConfiguration section */
		553C3D272177ED26009CBA17 /* Debug */ = {
			isa = XCBuildConfiguration;
			buildSettings = {
				ALWAYS_SEARCH_USER_PATHS = NO;
				CLANG_ANALYZER_NONNULL = YES;
				CLANG_ANALYZER_NUMBER_OBJECT_CONVERSION = YES_AGGRESSIVE;
				CLANG_CXX_LANGUAGE_STANDARD = "gnu++14";
				CLANG_CXX_LIBRARY = "libc++";
				CLANG_ENABLE_MODULES = YES;
				CLANG_ENABLE_OBJC_ARC = YES;
				CLANG_ENABLE_OBJC_WEAK = YES;
				CLANG_WARN_BLOCK_CAPTURE_AUTORELEASING = YES;
				CLANG_WARN_BOOL_CONVERSION = YES;
				CLANG_WARN_COMMA = YES;
				CLANG_WARN_CONSTANT_CONVERSION = YES;
				CLANG_WARN_DEPRECATED_OBJC_IMPLEMENTATIONS = YES;
				CLANG_WARN_DIRECT_OBJC_ISA_USAGE = YES_ERROR;
				CLANG_WARN_DOCUMENTATION_COMMENTS = YES;
				CLANG_WARN_EMPTY_BODY = YES;
				CLANG_WARN_ENUM_CONVERSION = YES;
				CLANG_WARN_INFINITE_RECURSION = YES;
				CLANG_WARN_INT_CONVERSION = YES;
				CLANG_WARN_NON_LITERAL_NULL_CONVERSION = YES;
				CLANG_WARN_OBJC_IMPLICIT_RETAIN_SELF = YES;
				CLANG_WARN_OBJC_LITERAL_CONVERSION = YES;
				CLANG_WARN_OBJC_ROOT_CLASS = YES_ERROR;
				CLANG_WARN_RANGE_LOOP_ANALYSIS = YES;
				CLANG_WARN_STRICT_PROTOTYPES = YES;
				CLANG_WARN_SUSPICIOUS_MOVE = YES;
				CLANG_WARN_UNGUARDED_AVAILABILITY = YES_AGGRESSIVE;
				CLANG_WARN_UNREACHABLE_CODE = YES;
				CLANG_WARN__DUPLICATE_METHOD_MATCH = YES;
				CODE_SIGN_IDENTITY = "iPhone Developer";
				COPY_PHASE_STRIP = NO;
				DEBUG_INFORMATION_FORMAT = dwarf;
				ENABLE_STRICT_OBJC_MSGSEND = YES;
				ENABLE_TESTABILITY = YES;
				GCC_C_LANGUAGE_STANDARD = gnu11;
				GCC_DYNAMIC_NO_PIC = NO;
				GCC_NO_COMMON_BLOCKS = YES;
				GCC_OPTIMIZATION_LEVEL = 0;
				GCC_PREPROCESSOR_DEFINITIONS = (
					"DEBUG=1",
					"$(inherited)",
				);
				GCC_WARN_64_TO_32_BIT_CONVERSION = YES;
				GCC_WARN_ABOUT_RETURN_TYPE = YES_ERROR;
				GCC_WARN_UNDECLARED_SELECTOR = YES;
				GCC_WARN_UNINITIALIZED_AUTOS = YES_AGGRESSIVE;
				GCC_WARN_UNUSED_FUNCTION = YES;
				GCC_WARN_UNUSED_VARIABLE = YES;
				IPHONEOS_DEPLOYMENT_TARGET = 12.0;
				MTL_ENABLE_DEBUG_INFO = INCLUDE_SOURCE;
				MTL_FAST_MATH = YES;
				ONLY_ACTIVE_ARCH = YES;
				SDKROOT = iphoneos;
				SWIFT_ACTIVE_COMPILATION_CONDITIONS = DEBUG;
				SWIFT_OPTIMIZATION_LEVEL = "-Onone";
			};
			name = Debug;
		};
		553C3D282177ED26009CBA17 /* Release */ = {
			isa = XCBuildConfiguration;
			buildSettings = {
				ALWAYS_SEARCH_USER_PATHS = NO;
				CLANG_ANALYZER_NONNULL = YES;
				CLANG_ANALYZER_NUMBER_OBJECT_CONVERSION = YES_AGGRESSIVE;
				CLANG_CXX_LANGUAGE_STANDARD = "gnu++14";
				CLANG_CXX_LIBRARY = "libc++";
				CLANG_ENABLE_MODULES = YES;
				CLANG_ENABLE_OBJC_ARC = YES;
				CLANG_ENABLE_OBJC_WEAK = YES;
				CLANG_WARN_BLOCK_CAPTURE_AUTORELEASING = YES;
				CLANG_WARN_BOOL_CONVERSION = YES;
				CLANG_WARN_COMMA = YES;
				CLANG_WARN_CONSTANT_CONVERSION = YES;
				CLANG_WARN_DEPRECATED_OBJC_IMPLEMENTATIONS = YES;
				CLANG_WARN_DIRECT_OBJC_ISA_USAGE = YES_ERROR;
				CLANG_WARN_DOCUMENTATION_COMMENTS = YES;
				CLANG_WARN_EMPTY_BODY = YES;
				CLANG_WARN_ENUM_CONVERSION = YES;
				CLANG_WARN_INFINITE_RECURSION = YES;
				CLANG_WARN_INT_CONVERSION = YES;
				CLANG_WARN_NON_LITERAL_NULL_CONVERSION = YES;
				CLANG_WARN_OBJC_IMPLICIT_RETAIN_SELF = YES;
				CLANG_WARN_OBJC_LITERAL_CONVERSION = YES;
				CLANG_WARN_OBJC_ROOT_CLASS = YES_ERROR;
				CLANG_WARN_RANGE_LOOP_ANALYSIS = YES;
				CLANG_WARN_STRICT_PROTOTYPES = YES;
				CLANG_WARN_SUSPICIOUS_MOVE = YES;
				CLANG_WARN_UNGUARDED_AVAILABILITY = YES_AGGRESSIVE;
				CLANG_WARN_UNREACHABLE_CODE = YES;
				CLANG_WARN__DUPLICATE_METHOD_MATCH = YES;
				CODE_SIGN_IDENTITY = "iPhone Developer";
				COPY_PHASE_STRIP = NO;
				DEBUG_INFORMATION_FORMAT = "dwarf-with-dsym";
				ENABLE_NS_ASSERTIONS = NO;
				ENABLE_STRICT_OBJC_MSGSEND = YES;
				GCC_C_LANGUAGE_STANDARD = gnu11;
				GCC_NO_COMMON_BLOCKS = YES;
				GCC_WARN_64_TO_32_BIT_CONVERSION = YES;
				GCC_WARN_ABOUT_RETURN_TYPE = YES_ERROR;
				GCC_WARN_UNDECLARED_SELECTOR = YES;
				GCC_WARN_UNINITIALIZED_AUTOS = YES_AGGRESSIVE;
				GCC_WARN_UNUSED_FUNCTION = YES;
				GCC_WARN_UNUSED_VARIABLE = YES;
				IPHONEOS_DEPLOYMENT_TARGET = 12.0;
				MTL_ENABLE_DEBUG_INFO = NO;
				MTL_FAST_MATH = YES;
				SDKROOT = iphoneos;
				SWIFT_COMPILATION_MODE = wholemodule;
				SWIFT_OPTIMIZATION_LEVEL = "-O";
				VALIDATE_PRODUCT = YES;
			};
			name = Release;
		};
		553C3D2A2177ED26009CBA17 /* Debug */ = {
			isa = XCBuildConfiguration;
			baseConfigurationReference = 32BDC30A4E8ED5D7DA859837 /* Pods-RocketFancy.debug.xcconfig */;
			buildSettings = {
				ASSETCATALOG_COMPILER_APPICON_NAME = AppIcon;
				CODE_SIGN_STYLE = Automatic;
				DEVELOPMENT_TEAM = 6K26YVY47S;
				INFOPLIST_FILE = RocketFancy/Info.plist;
				LD_RUNPATH_SEARCH_PATHS = (
					"$(inherited)",
					"@executable_path/Frameworks",
				);
				PRODUCT_BUNDLE_IDENTIFIER = com.henrymike.RocketFancy;
				PRODUCT_NAME = "$(TARGET_NAME)";
				SWIFT_VERSION = 4.2;
				TARGETED_DEVICE_FAMILY = 1;
			};
			name = Debug;
		};
		553C3D2B2177ED26009CBA17 /* Release */ = {
			isa = XCBuildConfiguration;
			baseConfigurationReference = 8680B93BC1ADCBB838D8F6EA /* Pods-RocketFancy.release.xcconfig */;
			buildSettings = {
				ASSETCATALOG_COMPILER_APPICON_NAME = AppIcon;
				CODE_SIGN_STYLE = Automatic;
				DEVELOPMENT_TEAM = 6K26YVY47S;
				INFOPLIST_FILE = RocketFancy/Info.plist;
				LD_RUNPATH_SEARCH_PATHS = (
					"$(inherited)",
					"@executable_path/Frameworks",
				);
				PRODUCT_BUNDLE_IDENTIFIER = com.henrymike.RocketFancy;
				PRODUCT_NAME = "$(TARGET_NAME)";
				SWIFT_VERSION = 4.2;
				TARGETED_DEVICE_FAMILY = 1;
			};
			name = Release;
		};
/* End XCBuildConfiguration section */

/* Begin XCConfigurationList section */
		553C3D0F2177ED25009CBA17 /* Build configuration list for PBXProject "RocketFancy" */ = {
			isa = XCConfigurationList;
			buildConfigurations = (
				553C3D272177ED26009CBA17 /* Debug */,
				553C3D282177ED26009CBA17 /* Release */,
			);
			defaultConfigurationIsVisible = 0;
			defaultConfigurationName = Release;
		};
		553C3D292177ED26009CBA17 /* Build configuration list for PBXNativeTarget "RocketFancy" */ = {
			isa = XCConfigurationList;
			buildConfigurations = (
				553C3D2A2177ED26009CBA17 /* Debug */,
				553C3D2B2177ED26009CBA17 /* Release */,
			);
			defaultConfigurationIsVisible = 0;
			defaultConfigurationName = Release;
		};
/* End XCConfigurationList section */

/* Begin XCVersionGroup section */
		553C3D1E2177ED26009CBA17 /* RocketFancy.xcdatamodeld */ = {
			isa = XCVersionGroup;
			children = (
				553C3D1F2177ED26009CBA17 /* RocketFancy.xcdatamodel */,
			);
			currentVersion = 553C3D1F2177ED26009CBA17 /* RocketFancy.xcdatamodel */;
			path = RocketFancy.xcdatamodeld;
			sourceTree = "<group>";
			versionGroupType = wrapper.xcdatamodel;
		};
/* End XCVersionGroup section */
	};
	rootObject = 553C3D0C2177ED25009CBA17 /* Project object */;
}
