// !$*UTF8*$!
{
	archiveVersion = 1;
	classes = {
	};
	objectVersion = 50;
	objects = {

/* Begin PBXBuildFile section */
		371609F26A4A1CE130EC7E3B /* Pods_RocketFancy.framework in Frameworks */ = {isa = PBXBuildFile; fileRef = 355CE77BA721B9452C1BB3F9 /* Pods_RocketFancy.framework */; };
		552AC040217800C40093691B /* AppDelegate.swift in Sources */ = {isa = PBXBuildFile; fileRef = 552AC03F217800C40093691B /* AppDelegate.swift */; };
		552AC042217800C40093691B /* ViewController.swift in Sources */ = {isa = PBXBuildFile; fileRef = 552AC041217800C40093691B /* ViewController.swift */; };
		552AC045217800C40093691B /* Main.storyboard in Resources */ = {isa = PBXBuildFile; fileRef = 552AC043217800C40093691B /* Main.storyboard */; };
		552AC048217800C40093691B /* RocketFancy.xcdatamodeld in Sources */ = {isa = PBXBuildFile; fileRef = 552AC046217800C40093691B /* RocketFancy.xcdatamodeld */; };
		552AC04A217800C40093691B /* Assets.xcassets in Resources */ = {isa = PBXBuildFile; fileRef = 552AC049217800C40093691B /* Assets.xcassets */; };
		552AC04D217800C40093691B /* LaunchScreen.storyboard in Resources */ = {isa = PBXBuildFile; fileRef = 552AC04B217800C40093691B /* LaunchScreen.storyboard */; };
		552AC0552178026F0093691B /* NetworkManager.swift in Sources */ = {isa = PBXBuildFile; fileRef = 552AC0542178026F0093691B /* NetworkManager.swift */; };
		552AC057217802870093691B /* SpaceXRouter.swift in Sources */ = {isa = PBXBuildFile; fileRef = 552AC056217802870093691B /* SpaceXRouter.swift */; };
/* End PBXBuildFile section */

/* Begin PBXFileReference section */
		0DFDCB49E848FBF65625AA29 /* Pods-RocketFancy.debug.xcconfig */ = {isa = PBXFileReference; includeInIndex = 1; lastKnownFileType = text.xcconfig; name = "Pods-RocketFancy.debug.xcconfig"; path = "Pods/Target Support Files/Pods-RocketFancy/Pods-RocketFancy.debug.xcconfig"; sourceTree = "<group>"; };
		355CE77BA721B9452C1BB3F9 /* Pods_RocketFancy.framework */ = {isa = PBXFileReference; explicitFileType = wrapper.framework; includeInIndex = 0; path = Pods_RocketFancy.framework; sourceTree = BUILT_PRODUCTS_DIR; };
		552AC03C217800C40093691B /* RocketFancy.app */ = {isa = PBXFileReference; explicitFileType = wrapper.application; includeInIndex = 0; path = RocketFancy.app; sourceTree = BUILT_PRODUCTS_DIR; };
		552AC03F217800C40093691B /* AppDelegate.swift */ = {isa = PBXFileReference; lastKnownFileType = sourcecode.swift; path = AppDelegate.swift; sourceTree = "<group>"; };
		552AC041217800C40093691B /* ViewController.swift */ = {isa = PBXFileReference; lastKnownFileType = sourcecode.swift; path = ViewController.swift; sourceTree = "<group>"; };
		552AC044217800C40093691B /* Base */ = {isa = PBXFileReference; lastKnownFileType = file.storyboard; name = Base; path = Base.lproj/Main.storyboard; sourceTree = "<group>"; };
		552AC047217800C40093691B /* RocketFancy.xcdatamodel */ = {isa = PBXFileReference; lastKnownFileType = wrapper.xcdatamodel; path = RocketFancy.xcdatamodel; sourceTree = "<group>"; };
		552AC049217800C40093691B /* Assets.xcassets */ = {isa = PBXFileReference; lastKnownFileType = folder.assetcatalog; path = Assets.xcassets; sourceTree = "<group>"; };
		552AC04C217800C40093691B /* Base */ = {isa = PBXFileReference; lastKnownFileType = file.storyboard; name = Base; path = Base.lproj/LaunchScreen.storyboard; sourceTree = "<group>"; };
		552AC04E217800C40093691B /* Info.plist */ = {isa = PBXFileReference; lastKnownFileType = text.plist.xml; path = Info.plist; sourceTree = "<group>"; };
		552AC0542178026F0093691B /* NetworkManager.swift */ = {isa = PBXFileReference; lastKnownFileType = sourcecode.swift; path = NetworkManager.swift; sourceTree = "<group>"; };
		552AC056217802870093691B /* SpaceXRouter.swift */ = {isa = PBXFileReference; lastKnownFileType = sourcecode.swift; path = SpaceXRouter.swift; sourceTree = "<group>"; };
		E93869B655DA07FC5DF64909 /* Pods-RocketFancy.release.xcconfig */ = {isa = PBXFileReference; includeInIndex = 1; lastKnownFileType = text.xcconfig; name = "Pods-RocketFancy.release.xcconfig"; path = "Pods/Target Support Files/Pods-RocketFancy/Pods-RocketFancy.release.xcconfig"; sourceTree = "<group>"; };
/* End PBXFileReference section */

/* Begin PBXFrameworksBuildPhase section */
		552AC039217800C40093691B /* Frameworks */ = {
			isa = PBXFrameworksBuildPhase;
			buildActionMask = 2147483647;
			files = (
				371609F26A4A1CE130EC7E3B /* Pods_RocketFancy.framework in Frameworks */,
			);
			runOnlyForDeploymentPostprocessing = 0;
		};
/* End PBXFrameworksBuildPhase section */

/* Begin PBXGroup section */
		02BD534D6DCF9856DAFFC074 /* Pods */ = {
			isa = PBXGroup;
			children = (
				0DFDCB49E848FBF65625AA29 /* Pods-RocketFancy.debug.xcconfig */,
				E93869B655DA07FC5DF64909 /* Pods-RocketFancy.release.xcconfig */,
			);
			name = Pods;
			sourceTree = "<group>";
		};
		04E4002AF141B8955571A716 /* Frameworks */ = {
			isa = PBXGroup;
			children = (
				355CE77BA721B9452C1BB3F9 /* Pods_RocketFancy.framework */,
			);
			name = Frameworks;
			sourceTree = "<group>";
		};
		552AC033217800C40093691B = {
			isa = PBXGroup;
			children = (
				552AC03E217800C40093691B /* RocketFancy */,
				552AC03D217800C40093691B /* Products */,
				02BD534D6DCF9856DAFFC074 /* Pods */,
				04E4002AF141B8955571A716 /* Frameworks */,
			);
			sourceTree = "<group>";
		};
		552AC03D217800C40093691B /* Products */ = {
			isa = PBXGroup;
			children = (
				552AC03C217800C40093691B /* RocketFancy.app */,
			);
			name = Products;
			sourceTree = "<group>";
		};
		552AC03E217800C40093691B /* RocketFancy */ = {
			isa = PBXGroup;
			children = (
				552AC03F217800C40093691B /* AppDelegate.swift */,
				552AC0542178026F0093691B /* NetworkManager.swift */,
				552AC056217802870093691B /* SpaceXRouter.swift */,
				552AC041217800C40093691B /* ViewController.swift */,
				552AC043217800C40093691B /* Main.storyboard */,
				552AC049217800C40093691B /* Assets.xcassets */,
				552AC04B217800C40093691B /* LaunchScreen.storyboard */,
				552AC04E217800C40093691B /* Info.plist */,
				552AC046217800C40093691B /* RocketFancy.xcdatamodeld */,
			);
			path = RocketFancy;
			sourceTree = "<group>";
		};
/* End PBXGroup section */

/* Begin PBXNativeTarget section */
		552AC03B217800C40093691B /* RocketFancy */ = {
			isa = PBXNativeTarget;
			buildConfigurationList = 552AC051217800C40093691B /* Build configuration list for PBXNativeTarget "RocketFancy" */;
			buildPhases = (
				48E6C7CD9B860D2A508E931F /* [CP] Check Pods Manifest.lock */,
				552AC038217800C40093691B /* Sources */,
				552AC039217800C40093691B /* Frameworks */,
				552AC03A217800C40093691B /* Resources */,
				926D1FD0AF682DF5F77219A7 /* [CP] Embed Pods Frameworks */,
			);
			buildRules = (
			);
			dependencies = (
			);
			name = RocketFancy;
			productName = RocketFancy;
			productReference = 552AC03C217800C40093691B /* RocketFancy.app */;
			productType = "com.apple.product-type.application";
		};
/* End PBXNativeTarget section */

/* Begin PBXProject section */
		552AC034217800C40093691B /* Project object */ = {
			isa = PBXProject;
			attributes = {
				LastSwiftUpdateCheck = 1000;
				LastUpgradeCheck = 1000;
				ORGANIZATIONNAME = "Mike Henry";
				TargetAttributes = {
					552AC03B217800C40093691B = {
						CreatedOnToolsVersion = 10.0;
					};
				};
			};
			buildConfigurationList = 552AC037217800C40093691B /* Build configuration list for PBXProject "RocketFancy" */;
			compatibilityVersion = "Xcode 9.3";
			developmentRegion = en;
			hasScannedForEncodings = 0;
			knownRegions = (
				en,
				Base,
			);
			mainGroup = 552AC033217800C40093691B;
			productRefGroup = 552AC03D217800C40093691B /* Products */;
			projectDirPath = "";
			projectRoot = "";
			targets = (
				552AC03B217800C40093691B /* RocketFancy */,
			);
		};
/* End PBXProject section */

/* Begin PBXResourcesBuildPhase section */
		552AC03A217800C40093691B /* Resources */ = {
			isa = PBXResourcesBuildPhase;
			buildActionMask = 2147483647;
			files = (
				552AC04D217800C40093691B /* LaunchScreen.storyboard in Resources */,
				552AC04A217800C40093691B /* Assets.xcassets in Resources */,
				552AC045217800C40093691B /* Main.storyboard in Resources */,
			);
			runOnlyForDeploymentPostprocessing = 0;
		};
/* End PBXResourcesBuildPhase section */

/* Begin PBXShellScriptBuildPhase section */
		48E6C7CD9B860D2A508E931F /* [CP] Check Pods Manifest.lock */ = {
			isa = PBXShellScriptBuildPhase;
			buildActionMask = 2147483647;
			files = (
			);
			inputFileListPaths = (
			);
			inputPaths = (
				"${PODS_PODFILE_DIR_PATH}/Podfile.lock",
				"${PODS_ROOT}/Manifest.lock",
			);
			name = "[CP] Check Pods Manifest.lock";
			outputFileListPaths = (
			);
			outputPaths = (
				"$(DERIVED_FILE_DIR)/Pods-RocketFancy-checkManifestLockResult.txt",
			);
			runOnlyForDeploymentPostprocessing = 0;
			shellPath = /bin/sh;
			shellScript = "diff \"${PODS_PODFILE_DIR_PATH}/Podfile.lock\" \"${PODS_ROOT}/Manifest.lock\" > /dev/null\nif [ $? != 0 ] ; then\n    # print error to STDERR\n    echo \"error: The sandbox is not in sync with the Podfile.lock. Run 'pod install' or update your CocoaPods installation.\" >&2\n    exit 1\nfi\n# This output is used by Xcode 'outputs' to avoid re-running this script phase.\necho \"SUCCESS\" > \"${SCRIPT_OUTPUT_FILE_0}\"\n";
			showEnvVarsInLog = 0;
		};
		926D1FD0AF682DF5F77219A7 /* [CP] Embed Pods Frameworks */ = {
			isa = PBXShellScriptBuildPhase;
			buildActionMask = 2147483647;
			files = (
			);
			inputFileListPaths = (
			);
			inputPaths = (
				"${SRCROOT}/Pods/Target Support Files/Pods-RocketFancy/Pods-RocketFancy-frameworks.sh",
				"${BUILT_PRODUCTS_DIR}/Alamofire/Alamofire.framework",
				"${BUILT_PRODUCTS_DIR}/SwiftyJSON/SwiftyJSON.framework",
			);
			name = "[CP] Embed Pods Frameworks";
			outputFileListPaths = (
			);
			outputPaths = (
				"${TARGET_BUILD_DIR}/${FRAMEWORKS_FOLDER_PATH}/Alamofire.framework",
				"${TARGET_BUILD_DIR}/${FRAMEWORKS_FOLDER_PATH}/SwiftyJSON.framework",
			);
			runOnlyForDeploymentPostprocessing = 0;
			shellPath = /bin/sh;
			shellScript = "\"${SRCROOT}/Pods/Target Support Files/Pods-RocketFancy/Pods-RocketFancy-frameworks.sh\"\n";
			showEnvVarsInLog = 0;
		};
/* End PBXShellScriptBuildPhase section */

/* Begin PBXSourcesBuildPhase section */
		552AC038217800C40093691B /* Sources */ = {
			isa = PBXSourcesBuildPhase;
			buildActionMask = 2147483647;
			files = (
				552AC0552178026F0093691B /* NetworkManager.swift in Sources */,
				552AC057217802870093691B /* SpaceXRouter.swift in Sources */,
				552AC048217800C40093691B /* RocketFancy.xcdatamodeld in Sources */,
				552AC042217800C40093691B /* ViewController.swift in Sources */,
				552AC040217800C40093691B /* AppDelegate.swift in Sources */,
			);
			runOnlyForDeploymentPostprocessing = 0;
		};
/* End PBXSourcesBuildPhase section */

/* Begin PBXVariantGroup section */
		552AC043217800C40093691B /* Main.storyboard */ = {
			isa = PBXVariantGroup;
			children = (
				552AC044217800C40093691B /* Base */,
			);
			name = Main.storyboard;
			sourceTree = "<group>";
		};
		552AC04B217800C40093691B /* LaunchScreen.storyboard */ = {
			isa = PBXVariantGroup;
			children = (
				552AC04C217800C40093691B /* Base */,
			);
			name = LaunchScreen.storyboard;
			sourceTree = "<group>";
		};
/* End PBXVariantGroup section */

/* Begin XCBuildConfiguration section */
		552AC04F217800C40093691B /* Debug */ = {
			isa = XCBuildConfiguration;
			buildSettings = {
				ALWAYS_SEARCH_USER_PATHS = NO;
				CLANG_ANALYZER_NONNULL = YES;
				CLANG_ANALYZER_NUMBER_OBJECT_CONVERSION = YES_AGGRESSIVE;
				CLANG_CXX_LANGUAGE_STANDARD = "gnu++14";
				CLANG_CXX_LIBRARY = "libc++";
				CLANG_ENABLE_MODULES = YES;
				CLANG_ENABLE_OBJC_ARC = YES;
				CLANG_ENABLE_OBJC_WEAK = YES;
				CLANG_WARN_BLOCK_CAPTURE_AUTORELEASING = YES;
				CLANG_WARN_BOOL_CONVERSION = YES;
				CLANG_WARN_COMMA = YES;
				CLANG_WARN_CONSTANT_CONVERSION = YES;
				CLANG_WARN_DEPRECATED_OBJC_IMPLEMENTATIONS = YES;
				CLANG_WARN_DIRECT_OBJC_ISA_USAGE = YES_ERROR;
				CLANG_WARN_DOCUMENTATION_COMMENTS = YES;
				CLANG_WARN_EMPTY_BODY = YES;
				CLANG_WARN_ENUM_CONVERSION = YES;
				CLANG_WARN_INFINITE_RECURSION = YES;
				CLANG_WARN_INT_CONVERSION = YES;
				CLANG_WARN_NON_LITERAL_NULL_CONVERSION = YES;
				CLANG_WARN_OBJC_IMPLICIT_RETAIN_SELF = YES;
				CLANG_WARN_OBJC_LITERAL_CONVERSION = YES;
				CLANG_WARN_OBJC_ROOT_CLASS = YES_ERROR;
				CLANG_WARN_RANGE_LOOP_ANALYSIS = YES;
				CLANG_WARN_STRICT_PROTOTYPES = YES;
				CLANG_WARN_SUSPICIOUS_MOVE = YES;
				CLANG_WARN_UNGUARDED_AVAILABILITY = YES_AGGRESSIVE;
				CLANG_WARN_UNREACHABLE_CODE = YES;
				CLANG_WARN__DUPLICATE_METHOD_MATCH = YES;
				CODE_SIGN_IDENTITY = "iPhone Developer";
				COPY_PHASE_STRIP = NO;
				DEBUG_INFORMATION_FORMAT = dwarf;
				ENABLE_STRICT_OBJC_MSGSEND = YES;
				ENABLE_TESTABILITY = YES;
				GCC_C_LANGUAGE_STANDARD = gnu11;
				GCC_DYNAMIC_NO_PIC = NO;
				GCC_NO_COMMON_BLOCKS = YES;
				GCC_OPTIMIZATION_LEVEL = 0;
				GCC_PREPROCESSOR_DEFINITIONS = (
					"DEBUG=1",
					"$(inherited)",
				);
				GCC_WARN_64_TO_32_BIT_CONVERSION = YES;
				GCC_WARN_ABOUT_RETURN_TYPE = YES_ERROR;
				GCC_WARN_UNDECLARED_SELECTOR = YES;
				GCC_WARN_UNINITIALIZED_AUTOS = YES_AGGRESSIVE;
				GCC_WARN_UNUSED_FUNCTION = YES;
				GCC_WARN_UNUSED_VARIABLE = YES;
				IPHONEOS_DEPLOYMENT_TARGET = 12.0;
				MTL_ENABLE_DEBUG_INFO = INCLUDE_SOURCE;
				MTL_FAST_MATH = YES;
				ONLY_ACTIVE_ARCH = YES;
				SDKROOT = iphoneos;
				SWIFT_ACTIVE_COMPILATION_CONDITIONS = DEBUG;
				SWIFT_OPTIMIZATION_LEVEL = "-Onone";
			};
			name = Debug;
		};
		552AC050217800C40093691B /* Release */ = {
			isa = XCBuildConfiguration;
			buildSettings = {
				ALWAYS_SEARCH_USER_PATHS = NO;
				CLANG_ANALYZER_NONNULL = YES;
				CLANG_ANALYZER_NUMBER_OBJECT_CONVERSION = YES_AGGRESSIVE;
				CLANG_CXX_LANGUAGE_STANDARD = "gnu++14";
				CLANG_CXX_LIBRARY = "libc++";
				CLANG_ENABLE_MODULES = YES;
				CLANG_ENABLE_OBJC_ARC = YES;
				CLANG_ENABLE_OBJC_WEAK = YES;
				CLANG_WARN_BLOCK_CAPTURE_AUTORELEASING = YES;
				CLANG_WARN_BOOL_CONVERSION = YES;
				CLANG_WARN_COMMA = YES;
				CLANG_WARN_CONSTANT_CONVERSION = YES;
				CLANG_WARN_DEPRECATED_OBJC_IMPLEMENTATIONS = YES;
				CLANG_WARN_DIRECT_OBJC_ISA_USAGE = YES_ERROR;
				CLANG_WARN_DOCUMENTATION_COMMENTS = YES;
				CLANG_WARN_EMPTY_BODY = YES;
				CLANG_WARN_ENUM_CONVERSION = YES;
				CLANG_WARN_INFINITE_RECURSION = YES;
				CLANG_WARN_INT_CONVERSION = YES;
				CLANG_WARN_NON_LITERAL_NULL_CONVERSION = YES;
				CLANG_WARN_OBJC_IMPLICIT_RETAIN_SELF = YES;
				CLANG_WARN_OBJC_LITERAL_CONVERSION = YES;
				CLANG_WARN_OBJC_ROOT_CLASS = YES_ERROR;
				CLANG_WARN_RANGE_LOOP_ANALYSIS = YES;
				CLANG_WARN_STRICT_PROTOTYPES = YES;
				CLANG_WARN_SUSPICIOUS_MOVE = YES;
				CLANG_WARN_UNGUARDED_AVAILABILITY = YES_AGGRESSIVE;
				CLANG_WARN_UNREACHABLE_CODE = YES;
				CLANG_WARN__DUPLICATE_METHOD_MATCH = YES;
				CODE_SIGN_IDENTITY = "iPhone Developer";
				COPY_PHASE_STRIP = NO;
				DEBUG_INFORMATION_FORMAT = "dwarf-with-dsym";
				ENABLE_NS_ASSERTIONS = NO;
				ENABLE_STRICT_OBJC_MSGSEND = YES;
				GCC_C_LANGUAGE_STANDARD = gnu11;
				GCC_NO_COMMON_BLOCKS = YES;
				GCC_WARN_64_TO_32_BIT_CONVERSION = YES;
				GCC_WARN_ABOUT_RETURN_TYPE = YES_ERROR;
				GCC_WARN_UNDECLARED_SELECTOR = YES;
				GCC_WARN_UNINITIALIZED_AUTOS = YES_AGGRESSIVE;
				GCC_WARN_UNUSED_FUNCTION = YES;
				GCC_WARN_UNUSED_VARIABLE = YES;
				IPHONEOS_DEPLOYMENT_TARGET = 12.0;
				MTL_ENABLE_DEBUG_INFO = NO;
				MTL_FAST_MATH = YES;
				SDKROOT = iphoneos;
				SWIFT_COMPILATION_MODE = wholemodule;
				SWIFT_OPTIMIZATION_LEVEL = "-O";
				VALIDATE_PRODUCT = YES;
			};
			name = Release;
		};
		552AC052217800C40093691B /* Debug */ = {
			isa = XCBuildConfiguration;
			baseConfigurationReference = 0DFDCB49E848FBF65625AA29 /* Pods-RocketFancy.debug.xcconfig */;
			buildSettings = {
				ASSETCATALOG_COMPILER_APPICON_NAME = AppIcon;
				CODE_SIGN_STYLE = Automatic;
				DEVELOPMENT_TEAM = 6K26YVY47S;
				INFOPLIST_FILE = RocketFancy/Info.plist;
				LD_RUNPATH_SEARCH_PATHS = (
					"$(inherited)",
					"@executable_path/Frameworks",
				);
				PRODUCT_BUNDLE_IDENTIFIER = com.henrymike.RocketFancy;
				PRODUCT_NAME = "$(TARGET_NAME)";
				SWIFT_VERSION = 4.2;
				TARGETED_DEVICE_FAMILY = 1;
			};
			name = Debug;
		};
		552AC053217800C40093691B /* Release */ = {
			isa = XCBuildConfiguration;
			baseConfigurationReference = E93869B655DA07FC5DF64909 /* Pods-RocketFancy.release.xcconfig */;
			buildSettings = {
				ASSETCATALOG_COMPILER_APPICON_NAME = AppIcon;
				CODE_SIGN_STYLE = Automatic;
				DEVELOPMENT_TEAM = 6K26YVY47S;
				INFOPLIST_FILE = RocketFancy/Info.plist;
				LD_RUNPATH_SEARCH_PATHS = (
					"$(inherited)",
					"@executable_path/Frameworks",
				);
				PRODUCT_BUNDLE_IDENTIFIER = com.henrymike.RocketFancy;
				PRODUCT_NAME = "$(TARGET_NAME)";
				SWIFT_VERSION = 4.2;
				TARGETED_DEVICE_FAMILY = 1;
			};
			name = Release;
		};
/* End XCBuildConfiguration section */

/* Begin XCConfigurationList section */
		552AC037217800C40093691B /* Build configuration list for PBXProject "RocketFancy" */ = {
			isa = XCConfigurationList;
			buildConfigurations = (
				552AC04F217800C40093691B /* Debug */,
				552AC050217800C40093691B /* Release */,
			);
			defaultConfigurationIsVisible = 0;
			defaultConfigurationName = Release;
		};
		552AC051217800C40093691B /* Build configuration list for PBXNativeTarget "RocketFancy" */ = {
			isa = XCConfigurationList;
			buildConfigurations = (
				552AC052217800C40093691B /* Debug */,
				552AC053217800C40093691B /* Release */,
			);
			defaultConfigurationIsVisible = 0;
			defaultConfigurationName = Release;
		};
/* End XCConfigurationList section */

/* Begin XCVersionGroup section */
		552AC046217800C40093691B /* RocketFancy.xcdatamodeld */ = {
			isa = XCVersionGroup;
			children = (
				552AC047217800C40093691B /* RocketFancy.xcdatamodel */,
			);
			currentVersion = 552AC047217800C40093691B /* RocketFancy.xcdatamodel */;
			path = RocketFancy.xcdatamodeld;
			sourceTree = "<group>";
			versionGroupType = wrapper.xcdatamodel;
		};
/* End XCVersionGroup section */
	};
	rootObject = 552AC034217800C40093691B /* Project object */;
}
